
Microsoft Visual Studio Solution File, Format Version 12.00
# Visual Studio Version 17
VisualStudioVersion = 17.5.33530.505
MinimumVisualStudioVersion = 10.0.40219.1
Project("{9A19103F-16F7-4668-BE54-9A1E7A4F7556}") = "OptitrackCollect", "OptitrackCollect\OptitrackCollect.csproj", "{B0356A3C-51B8-4472-8605-5AB419C5C20F}"
EndProject
Project("{FAE04EC0-301F-11D3-BF4B-00C04F79EFBC}") = "FLIRCollect", "FLIRCollect\FLIRCollect.csproj", "{1846D65E-043F-F5B0-2D71-DA3519C9D4BC}"
EndProject
Global
	GlobalSection(SolutionConfigurationPlatforms) = preSolution
		Debug|Any CPU = Debug|Any CPU
		Debug|x64 = Debug|x64
		Debug|x86 = Debug|x86
		Release|Any CPU = Release|Any CPU
		Release|x64 = Release|x64
		Release|x86 = Release|x86
	EndGlobalSection
	GlobalSection(ProjectConfigurationPlatforms) = postSolution
		{B0356A3C-51B8-4472-8605-5AB419C5C20F}.Debug|Any CPU.ActiveCfg = Debug|Any CPU
		{B0356A3C-51B8-4472-8605-5AB419C5C20F}.Debug|Any CPU.Build.0 = Debug|Any CPU
		{B0356A3C-51B8-4472-8605-5AB419C5C20F}.Debug|x64.ActiveCfg = Debug|Any CPU
		{B0356A3C-51B8-4472-8605-5AB419C5C20F}.Debug|x64.Build.0 = Debug|Any CPU
		{B0356A3C-51B8-4472-8605-5AB419C5C20F}.Debug|x86.ActiveCfg = Debug|Any CPU
		{B0356A3C-51B8-4472-8605-5AB419C5C20F}.Debug|x86.Build.0 = Debug|Any CPU
		{B0356A3C-51B8-4472-8605-5AB419C5C20F}.Release|Any CPU.ActiveCfg = Release|Any CPU
		{B0356A3C-51B8-4472-8605-5AB419C5C20F}.Release|Any CPU.Build.0 = Release|Any CPU
		{B0356A3C-51B8-4472-8605-5AB419C5C20F}.Release|x64.ActiveCfg = Release|Any CPU
		{B0356A3C-51B8-4472-8605-5AB419C5C20F}.Release|x64.Build.0 = Release|Any CPU
		{B0356A3C-51B8-4472-8605-5AB419C5C20F}.Release|x86.ActiveCfg = Release|Any CPU
		{B0356A3C-51B8-4472-8605-5AB419C5C20F}.Release|x86.Build.0 = Release|Any CPU
		{1846D65E-043F-F5B0-2D71-DA3519C9D4BC}.Debug|Any CPU.ActiveCfg = Debug|Any CPU
		{1846D65E-043F-F5B0-2D71-DA3519C9D4BC}.Debug|Any CPU.Build.0 = Debug|Any CPU
		{1846D65E-043F-F5B0-2D71-DA3519C9D4BC}.Debug|x64.ActiveCfg = Debug|x64
		{1846D65E-043F-F5B0-2D71-DA3519C9D4BC}.Debug|x64.Build.0 = Debug|x64
		{1846D65E-043F-F5B0-2D71-DA3519C9D4BC}.Debug|x86.ActiveCfg = Debug|x86
		{1846D65E-043F-F5B0-2D71-DA3519C9D4BC}.Debug|x86.Build.0 = Debug|x86
		{1846D65E-043F-F5B0-2D71-DA3519C9D4BC}.Release|Any CPU.ActiveCfg = Release|Any CPU
		{1846D65E-043F-F5B0-2D71-DA3519C9D4BC}.Release|Any CPU.Build.0 = Release|Any CPU
		{1846D65E-043F-F5B0-2D71-DA3519C9D4BC}.Release|x64.ActiveCfg = Release|x64
		{1846D65E-043F-F5B0-2D71-DA3519C9D4BC}.Release|x64.Build.0 = Release|x64
		{1846D65E-043F-F5B0-2D71-DA3519C9D4BC}.Release|x86.ActiveCfg = Release|x86
		{1846D65E-043F-F5B0-2D71-DA3519C9D4BC}.Release|x86.Build.0 = Release|x86
	EndGlobalSection
	GlobalSection(SolutionProperties) = preSolution
		HideSolutionNode = FALSE
	EndGlobalSection
	GlobalSection(ExtensibilityGlobals) = postSolution
		SolutionGuid = {627C3A51-8305-4A3C-B809-3CBDFFF6D09E}
	EndGlobalSection
EndGlobal
